
Microsoft Visual Studio Solution File, Format Version 12.00
# Visual Studio 2012
Project("{FAE04EC0-301F-11D3-BF4B-00C04F79EFBC}") = "AsyncMVC4", "AsyncMVC4\AsyncMVC4.csproj", "{FAF1F816-32D1-4CC5-93DE-119305509E07}"
EndProject
Project("{2150E333-8FDC-42A3-9474-1A3956D46DE8}") = "Solution Items", "Solution Items", "{37E1CF62-D7B2-4468-84DF-8D395EDE693E}"
	ProjectSection(SolutionItems) = preProject
		Async.vsmdi = Async.vsmdi
		Local.testsettings = Local.testsettings
	EndProjectSection
EndProject
Project("{FAE04EC0-301F-11D3-BF4B-00C04F79EFBC}") = "AsyncMVC3", "AsyncMVC3\AsyncMVC3.csproj", "{8CF3F314-DCED-43BB-BBF1-80C6BBABE070}"
EndProject
Project("{FAE04EC0-301F-11D3-BF4B-00C04F79EFBC}") = "AsyncLoadTest", "AsyncLoadTest\AsyncLoadTest.csproj", "{6A761039-C4F5-408B-BE07-FA474AA5C27E}"
EndProject
Project("{FAE04EC0-301F-11D3-BF4B-00C04F79EFBC}") = "AsyncPrimer", "AsyncPrimer\AsyncPrimer.csproj", "{F606B7D5-8895-4FC1-8480-56F0D068C5E5}"
EndProject
Project("{FAE04EC0-301F-11D3-BF4B-00C04F79EFBC}") = "MyWPFProject", "MyWPFProject\MyWPFProject.csproj", "{E259A3D4-071A-4653-AADC-5DA62A3B26A2}"
EndProject
Global
	GlobalSection(TestCaseManagementSettings) = postSolution
		CategoryFile = Async.vsmdi
	EndGlobalSection
	GlobalSection(SolutionConfigurationPlatforms) = preSolution
		Debug|Any CPU = Debug|Any CPU
		Release|Any CPU = Release|Any CPU
	EndGlobalSection
	GlobalSection(ProjectConfigurationPlatforms) = postSolution
		{FAF1F816-32D1-4CC5-93DE-119305509E07}.Debug|Any CPU.ActiveCfg = Debug|Any CPU
		{FAF1F816-32D1-4CC5-93DE-119305509E07}.Debug|Any CPU.Build.0 = Debug|Any CPU
		{FAF1F816-32D1-4CC5-93DE-119305509E07}.Release|Any CPU.ActiveCfg = Release|Any CPU
		{FAF1F816-32D1-4CC5-93DE-119305509E07}.Release|Any CPU.Build.0 = Release|Any CPU
		{8CF3F314-DCED-43BB-BBF1-80C6BBABE070}.Debug|Any CPU.ActiveCfg = Debug|Any CPU
		{8CF3F314-DCED-43BB-BBF1-80C6BBABE070}.Debug|Any CPU.Build.0 = Debug|Any CPU
		{8CF3F314-DCED-43BB-BBF1-80C6BBABE070}.Release|Any CPU.ActiveCfg = Release|Any CPU
		{8CF3F314-DCED-43BB-BBF1-80C6BBABE070}.Release|Any CPU.Build.0 = Release|Any CPU
		{6A761039-C4F5-408B-BE07-FA474AA5C27E}.Debug|Any CPU.ActiveCfg = Debug|Any CPU
		{6A761039-C4F5-408B-BE07-FA474AA5C27E}.Debug|Any CPU.Build.0 = Debug|Any CPU
		{6A761039-C4F5-408B-BE07-FA474AA5C27E}.Release|Any CPU.ActiveCfg = Release|Any CPU
		{6A761039-C4F5-408B-BE07-FA474AA5C27E}.Release|Any CPU.Build.0 = Release|Any CPU
		{F606B7D5-8895-4FC1-8480-56F0D068C5E5}.Debug|Any CPU.ActiveCfg = Debug|Any CPU
		{F606B7D5-8895-4FC1-8480-56F0D068C5E5}.Debug|Any CPU.Build.0 = Debug|Any CPU
		{F606B7D5-8895-4FC1-8480-56F0D068C5E5}.Release|Any CPU.ActiveCfg = Release|Any CPU
		{F606B7D5-8895-4FC1-8480-56F0D068C5E5}.Release|Any CPU.Build.0 = Release|Any CPU
		{E259A3D4-071A-4653-AADC-5DA62A3B26A2}.Debug|Any CPU.ActiveCfg = Debug|Any CPU
		{E259A3D4-071A-4653-AADC-5DA62A3B26A2}.Debug|Any CPU.Build.0 = Debug|Any CPU
		{E259A3D4-071A-4653-AADC-5DA62A3B26A2}.Release|Any CPU.ActiveCfg = Release|Any CPU
		{E259A3D4-071A-4653-AADC-5DA62A3B26A2}.Release|Any CPU.Build.0 = Release|Any CPU
	EndGlobalSection
	GlobalSection(SolutionProperties) = preSolution
		HideSolutionNode = FALSE
	EndGlobalSection
EndGlobal
