
Microsoft Visual Studio Solution File, Format Version 12.00
# Visual Studio 2012
Project("{FAE04EC0-301F-11D3-BF4B-00C04F79EFBC}") = "AspNet45", "AspNet45\AspNet45.csproj", "{015DB46A-56FF-493E-A455-7F0EC5465A19}"
EndProject
Project("{FAE04EC0-301F-11D3-BF4B-00C04F79EFBC}") = "LegacyExamples", "..\LegacyExamples\LegacyExamples.csproj", "{9773FAB1-A1CC-475F-A499-19C3C3E0C256}"
EndProject
Global
	GlobalSection(SolutionConfigurationPlatforms) = preSolution
		Debug|Any CPU = Debug|Any CPU
		Release|Any CPU = Release|Any CPU
	EndGlobalSection
	GlobalSection(ProjectConfigurationPlatforms) = postSolution
		{015DB46A-56FF-493E-A455-7F0EC5465A19}.Debug|Any CPU.ActiveCfg = Debug|Any CPU
		{015DB46A-56FF-493E-A455-7F0EC5465A19}.Debug|Any CPU.Build.0 = Debug|Any CPU
		{015DB46A-56FF-493E-A455-7F0EC5465A19}.Release|Any CPU.ActiveCfg = Release|Any CPU
		{015DB46A-56FF-493E-A455-7F0EC5465A19}.Release|Any CPU.Build.0 = Release|Any CPU
		{9773FAB1-A1CC-475F-A499-19C3C3E0C256}.Debug|Any CPU.ActiveCfg = Debug|Any CPU
		{9773FAB1-A1CC-475F-A499-19C3C3E0C256}.Debug|Any CPU.Build.0 = Debug|Any CPU
		{9773FAB1-A1CC-475F-A499-19C3C3E0C256}.Release|Any CPU.ActiveCfg = Release|Any CPU
		{9773FAB1-A1CC-475F-A499-19C3C3E0C256}.Release|Any CPU.Build.0 = Release|Any CPU
	EndGlobalSection
	GlobalSection(SolutionProperties) = preSolution
		HideSolutionNode = FALSE
	EndGlobalSection
EndGlobal
